// !$*UTF8*$!
{
	archiveVersion = 1;
	classes = {
	};
	objectVersion = 46;
	objects = {

/* Begin PBXBuildFile section */
		0A0F02E41AD2DD7D00BDBE07 /* InfoPlist.strings in Resources */ = {isa = PBXBuildFile; fileRef = 0A0F02E61AD2DD7D00BDBE07 /* InfoPlist.strings */; };
		0A81D8B71AD2D59F007D22BD /* Localizable.strings in Resources */ = {isa = PBXBuildFile; fileRef = 0A81D8B91AD2D59F007D22BD /* Localizable.strings */; };
		0AC03AFB1ACDC5D000B92BBA /* AppDelegate.swift in Sources */ = {isa = PBXBuildFile; fileRef = 0AC03AFA1ACDC5D000B92BBA /* AppDelegate.swift */; };
		0AC03AFD1ACDC5D000B92BBA /* ViewController.swift in Sources */ = {isa = PBXBuildFile; fileRef = 0AC03AFC1ACDC5D000B92BBA /* ViewController.swift */; };
		0AC03B001ACDC5D000B92BBA /* Main.storyboard in Resources */ = {isa = PBXBuildFile; fileRef = 0AC03AFE1ACDC5D000B92BBA /* Main.storyboard */; };
		0AC03B021ACDC5D000B92BBA /* Images.xcassets in Resources */ = {isa = PBXBuildFile; fileRef = 0AC03B011ACDC5D000B92BBA /* Images.xcassets */; };
		0AC03B051ACDC5D000B92BBA /* LaunchScreen.xib in Resources */ = {isa = PBXBuildFile; fileRef = 0AC03B031ACDC5D000B92BBA /* LaunchScreen.xib */; };
		0AC03B111ACDC5D000B92BBA /* InterviewTests.swift in Sources */ = {isa = PBXBuildFile; fileRef = 0AC03B101ACDC5D000B92BBA /* InterviewTests.swift */; };
		0AC03B1B1ACDC6D400B92BBA /* InImageView.swift in Sources */ = {isa = PBXBuildFile; fileRef = 0AC03B1A1ACDC6D400B92BBA /* InImageView.swift */; };
/* End PBXBuildFile section */

/* Begin PBXContainerItemProxy section */
		0AC03B0B1ACDC5D000B92BBA /* PBXContainerItemProxy */ = {
			isa = PBXContainerItemProxy;
			containerPortal = 0AC03AED1ACDC5D000B92BBA /* Project object */;
			proxyType = 1;
			remoteGlobalIDString = 0AC03AF41ACDC5D000B92BBA;
			remoteInfo = Interview;
		};
/* End PBXContainerItemProxy section */

/* Begin PBXFileReference section */
		0A0F02E51AD2DD7D00BDBE07 /* zh-Hans */ = {isa = PBXFileReference; lastKnownFileType = text.plist.strings; name = "zh-Hans"; path = "zh-Hans.lproj/InfoPlist.strings"; sourceTree = "<group>"; };
		0A81D8AD1AD2D2CE007D22BD /* zh-Hans */ = {isa = PBXFileReference; lastKnownFileType = text.plist.strings; name = "zh-Hans"; path = "zh-Hans.lproj/Main.strings"; sourceTree = "<group>"; };
		0A81D8B81AD2D59F007D22BD /* zh-Hans */ = {isa = PBXFileReference; lastKnownFileType = text.plist.strings; name = "zh-Hans"; path = "zh-Hans.lproj/Localizable.strings"; sourceTree = "<group>"; };
		0AC03AF51ACDC5D000B92BBA /* Interview.app */ = {isa = PBXFileReference; explicitFileType = wrapper.application; includeInIndex = 0; path = Interview.app; sourceTree = BUILT_PRODUCTS_DIR; };
		0AC03AF91ACDC5D000B92BBA /* Info.plist */ = {isa = PBXFileReference; lastKnownFileType = text.plist.xml; path = Info.plist; sourceTree = "<group>"; };
		0AC03AFA1ACDC5D000B92BBA /* AppDelegate.swift */ = {isa = PBXFileReference; lastKnownFileType = sourcecode.swift; path = AppDelegate.swift; sourceTree = "<group>"; };
		0AC03AFC1ACDC5D000B92BBA /* ViewController.swift */ = {isa = PBXFileReference; lastKnownFileType = sourcecode.swift; path = ViewController.swift; sourceTree = "<group>"; };
		0AC03AFF1ACDC5D000B92BBA /* Base */ = {isa = PBXFileReference; lastKnownFileType = file.storyboard; name = Base; path = Base.lproj/Main.storyboard; sourceTree = "<group>"; };
		0AC03B011ACDC5D000B92BBA /* Images.xcassets */ = {isa = PBXFileReference; lastKnownFileType = folder.assetcatalog; path = Images.xcassets; sourceTree = "<group>"; };
		0AC03B041ACDC5D000B92BBA /* Base */ = {isa = PBXFileReference; lastKnownFileType = file.xib; name = Base; path = Base.lproj/LaunchScreen.xib; sourceTree = "<group>"; };
		0AC03B0A1ACDC5D000B92BBA /* InterviewTests.xctest */ = {isa = PBXFileReference; explicitFileType = wrapper.cfbundle; includeInIndex = 0; path = InterviewTests.xctest; sourceTree = BUILT_PRODUCTS_DIR; };
		0AC03B0F1ACDC5D000B92BBA /* Info.plist */ = {isa = PBXFileReference; lastKnownFileType = text.plist.xml; path = Info.plist; sourceTree = "<group>"; };
		0AC03B101ACDC5D000B92BBA /* InterviewTests.swift */ = {isa = PBXFileReference; lastKnownFileType = sourcecode.swift; path = InterviewTests.swift; sourceTree = "<group>"; };
		0AC03B1A1ACDC6D400B92BBA /* InImageView.swift */ = {isa = PBXFileReference; fileEncoding = 4; lastKnownFileType = sourcecode.swift; name = InImageView.swift; path = Source/InImageView.swift; sourceTree = "<group>"; };
/* End PBXFileReference section */

/* Begin PBXFrameworksBuildPhase section */
		0AC03AF21ACDC5D000B92BBA /* Frameworks */ = {
			isa = PBXFrameworksBuildPhase;
			buildActionMask = 2147483647;
			files = (
			);
			runOnlyForDeploymentPostprocessing = 0;
		};
		0AC03B071ACDC5D000B92BBA /* Frameworks */ = {
			isa = PBXFrameworksBuildPhase;
			buildActionMask = 2147483647;
			files = (
			);
			runOnlyForDeploymentPostprocessing = 0;
		};
/* End PBXFrameworksBuildPhase section */

/* Begin PBXGroup section */
		0AC03AEC1ACDC5D000B92BBA = {
			isa = PBXGroup;
			children = (
				0AC03AF71ACDC5D000B92BBA /* Interview */,
				0AC03B0D1ACDC5D000B92BBA /* InterviewTests */,
				0AC03AF61ACDC5D000B92BBA /* Products */,
			);
			sourceTree = "<group>";
		};
		0AC03AF61ACDC5D000B92BBA /* Products */ = {
			isa = PBXGroup;
			children = (
				0AC03AF51ACDC5D000B92BBA /* Interview.app */,
				0AC03B0A1ACDC5D000B92BBA /* InterviewTests.xctest */,
			);
			name = Products;
			sourceTree = "<group>";
		};
		0AC03AF71ACDC5D000B92BBA /* Interview */ = {
			isa = PBXGroup;
			children = (
				0AC03B1C1ACDC6D800B92BBA /* Component */,
				0AC03AFA1ACDC5D000B92BBA /* AppDelegate.swift */,
				0AC03AFC1ACDC5D000B92BBA /* ViewController.swift */,
				0AC03AFE1ACDC5D000B92BBA /* Main.storyboard */,
				0AC03B011ACDC5D000B92BBA /* Images.xcassets */,
				0AC03B031ACDC5D000B92BBA /* LaunchScreen.xib */,
				0AC03AF81ACDC5D000B92BBA /* Supporting Files */,
			);
			path = Interview;
			sourceTree = "<group>";
		};
		0AC03AF81ACDC5D000B92BBA /* Supporting Files */ = {
			isa = PBXGroup;
			children = (
				0AC03AF91ACDC5D000B92BBA /* Info.plist */,
				0A0F02E61AD2DD7D00BDBE07 /* InfoPlist.strings */,
				0A81D8B91AD2D59F007D22BD /* Localizable.strings */,
			);
			name = "Supporting Files";
			sourceTree = "<group>";
		};
		0AC03B0D1ACDC5D000B92BBA /* InterviewTests */ = {
			isa = PBXGroup;
			children = (
				0AC03B101ACDC5D000B92BBA /* InterviewTests.swift */,
				0AC03B0E1ACDC5D000B92BBA /* Supporting Files */,
			);
			path = InterviewTests;
			sourceTree = "<group>";
		};
		0AC03B0E1ACDC5D000B92BBA /* Supporting Files */ = {
			isa = PBXGroup;
			children = (
				0AC03B0F1ACDC5D000B92BBA /* Info.plist */,
			);
			name = "Supporting Files";
			sourceTree = "<group>";
		};
		0AC03B1C1ACDC6D800B92BBA /* Component */ = {
			isa = PBXGroup;
			children = (
				0AC03B1A1ACDC6D400B92BBA /* InImageView.swift */,
			);
			name = Component;
			sourceTree = "<group>";
		};
/* End PBXGroup section */

/* Begin PBXNativeTarget section */
		0AC03AF41ACDC5D000B92BBA /* Interview */ = {
			isa = PBXNativeTarget;
			buildConfigurationList = 0AC03B141ACDC5D000B92BBA /* Build configuration list for PBXNativeTarget "Interview" */;
			buildPhases = (
				0AC03AF11ACDC5D000B92BBA /* Sources */,
				0AC03AF21ACDC5D000B92BBA /* Frameworks */,
				0AC03AF31ACDC5D000B92BBA /* Resources */,
			);
			buildRules = (
			);
			dependencies = (
			);
			name = Interview;
			productName = Interview;
			productReference = 0AC03AF51ACDC5D000B92BBA /* Interview.app */;
			productType = "com.apple.product-type.application";
		};
		0AC03B091ACDC5D000B92BBA /* InterviewTests */ = {
			isa = PBXNativeTarget;
			buildConfigurationList = 0AC03B171ACDC5D000B92BBA /* Build configuration list for PBXNativeTarget "InterviewTests" */;
			buildPhases = (
				0AC03B061ACDC5D000B92BBA /* Sources */,
				0AC03B071ACDC5D000B92BBA /* Frameworks */,
				0AC03B081ACDC5D000B92BBA /* Resources */,
			);
			buildRules = (
			);
			dependencies = (
				0AC03B0C1ACDC5D000B92BBA /* PBXTargetDependency */,
			);
			name = InterviewTests;
			productName = InterviewTests;
			productReference = 0AC03B0A1ACDC5D000B92BBA /* InterviewTests.xctest */;
			productType = "com.apple.product-type.bundle.unit-test";
		};
/* End PBXNativeTarget section */

/* Begin PBXProject section */
		0AC03AED1ACDC5D000B92BBA /* Project object */ = {
			isa = PBXProject;
			attributes = {
				LastUpgradeCheck = 0620;
				ORGANIZATIONNAME = kevinzhow;
				TargetAttributes = {
					0AC03AF41ACDC5D000B92BBA = {
						CreatedOnToolsVersion = 6.2;
					};
					0AC03B091ACDC5D000B92BBA = {
						CreatedOnToolsVersion = 6.2;
						TestTargetID = 0AC03AF41ACDC5D000B92BBA;
					};
				};
			};
			buildConfigurationList = 0AC03AF01ACDC5D000B92BBA /* Build configuration list for PBXProject "Interview" */;
			compatibilityVersion = "Xcode 3.2";
			developmentRegion = English;
			hasScannedForEncodings = 0;
			knownRegions = (
				en,
				Base,
			);
			mainGroup = 0AC03AEC1ACDC5D000B92BBA;
			productRefGroup = 0AC03AF61ACDC5D000B92BBA /* Products */;
			projectDirPath = "";
			projectRoot = "";
			targets = (
				0AC03AF41ACDC5D000B92BBA /* Interview */,
				0AC03B091ACDC5D000B92BBA /* InterviewTests */,
			);
		};
/* End PBXProject section */

/* Begin PBXResourcesBuildPhase section */
		0AC03AF31ACDC5D000B92BBA /* Resources */ = {
			isa = PBXResourcesBuildPhase;
			buildActionMask = 2147483647;
			files = (
				0AC03B001ACDC5D000B92BBA /* Main.storyboard in Resources */,
				0A81D8B71AD2D59F007D22BD /* Localizable.strings in Resources */,
				0AC03B051ACDC5D000B92BBA /* LaunchScreen.xib in Resources */,
				0AC03B021ACDC5D000B92BBA /* Images.xcassets in Resources */,
				0A0F02E41AD2DD7D00BDBE07 /* InfoPlist.strings in Resources */,
			);
			runOnlyForDeploymentPostprocessing = 0;
		};
		0AC03B081ACDC5D000B92BBA /* Resources */ = {
			isa = PBXResourcesBuildPhase;
			buildActionMask = 2147483647;
			files = (
			);
			runOnlyForDeploymentPostprocessing = 0;
		};
/* End PBXResourcesBuildPhase section */

/* Begin PBXSourcesBuildPhase section */
		0AC03AF11ACDC5D000B92BBA /* Sources */ = {
			isa = PBXSourcesBuildPhase;
			buildActionMask = 2147483647;
			files = (
				0AC03AFD1ACDC5D000B92BBA /* ViewController.swift in Sources */,
				0AC03B1B1ACDC6D400B92BBA /* InImageView.swift in Sources */,
				0AC03AFB1ACDC5D000B92BBA /* AppDelegate.swift in Sources */,
			);
			runOnlyForDeploymentPostprocessing = 0;
		};
		0AC03B061ACDC5D000B92BBA /* Sources */ = {
			isa = PBXSourcesBuildPhase;
			buildActionMask = 2147483647;
			files = (
				0AC03B111ACDC5D000B92BBA /* InterviewTests.swift in Sources */,
			);
			runOnlyForDeploymentPostprocessing = 0;
		};
/* End PBXSourcesBuildPhase section */

/* Begin PBXTargetDependency section */
		0AC03B0C1ACDC5D000B92BBA /* PBXTargetDependency */ = {
			isa = PBXTargetDependency;
			target = 0AC03AF41ACDC5D000B92BBA /* Interview */;
			targetProxy = 0AC03B0B1ACDC5D000B92BBA /* PBXContainerItemProxy */;
		};
/* End PBXTargetDependency section */

/* Begin PBXVariantGroup section */
		0A0F02E61AD2DD7D00BDBE07 /* InfoPlist.strings */ = {
			isa = PBXVariantGroup;
			children = (
				0A0F02E51AD2DD7D00BDBE07 /* zh-Hans */,
			);
			name = InfoPlist.strings;
			sourceTree = "<group>";
		};
		0A81D8B91AD2D59F007D22BD /* Localizable.strings */ = {
			isa = PBXVariantGroup;
			children = (
				0A81D8B81AD2D59F007D22BD /* zh-Hans */,
			);
			name = Localizable.strings;
			sourceTree = "<group>";
		};
		0AC03AFE1ACDC5D000B92BBA /* Main.storyboard */ = {
			isa = PBXVariantGroup;
			children = (
				0AC03AFF1ACDC5D000B92BBA /* Base */,
				0A81D8AD1AD2D2CE007D22BD /* zh-Hans */,
			);
			name = Main.storyboard;
			sourceTree = "<group>";
		};
		0AC03B031ACDC5D000B92BBA /* LaunchScreen.xib */ = {
			isa = PBXVariantGroup;
			children = (
				0AC03B041ACDC5D000B92BBA /* Base */,
			);
			name = LaunchScreen.xib;
			sourceTree = "<group>";
		};
/* End PBXVariantGroup section */

/* Begin XCBuildConfiguration section */
		0AC03B121ACDC5D000B92BBA /* Debug */ = {
			isa = XCBuildConfiguration;
			buildSettings = {
				ALWAYS_SEARCH_USER_PATHS = NO;
				CLANG_CXX_LANGUAGE_STANDARD = "gnu++0x";
				CLANG_CXX_LIBRARY = "libc++";
				CLANG_ENABLE_MODULES = YES;
				CLANG_ENABLE_OBJC_ARC = YES;
				CLANG_WARN_BOOL_CONVERSION = YES;
				CLANG_WARN_CONSTANT_CONVERSION = YES;
				CLANG_WARN_DIRECT_OBJC_ISA_USAGE = YES_ERROR;
				CLANG_WARN_EMPTY_BODY = YES;
				CLANG_WARN_ENUM_CONVERSION = YES;
				CLANG_WARN_INT_CONVERSION = YES;
				CLANG_WARN_OBJC_ROOT_CLASS = YES_ERROR;
				CLANG_WARN_UNREACHABLE_CODE = YES;
				CLANG_WARN__DUPLICATE_METHOD_MATCH = YES;
				"CODE_SIGN_IDENTITY[sdk=iphoneos*]" = "iPhone Developer";
				COPY_PHASE_STRIP = NO;
				ENABLE_STRICT_OBJC_MSGSEND = YES;
				GCC_C_LANGUAGE_STANDARD = gnu99;
				GCC_DYNAMIC_NO_PIC = NO;
				GCC_OPTIMIZATION_LEVEL = 0;
				GCC_PREPROCESSOR_DEFINITIONS = (
					"DEBUG=1",
					"$(inherited)",
				);
				GCC_SYMBOLS_PRIVATE_EXTERN = NO;
				GCC_WARN_64_TO_32_BIT_CONVERSION = YES;
				GCC_WARN_ABOUT_RETURN_TYPE = YES_ERROR;
				GCC_WARN_UNDECLARED_SELECTOR = YES;
				GCC_WARN_UNINITIALIZED_AUTOS = YES_AGGRESSIVE;
				GCC_WARN_UNUSED_FUNCTION = YES;
				GCC_WARN_UNUSED_VARIABLE = YES;
				IPHONEOS_DEPLOYMENT_TARGET = 8.0;
				MTL_ENABLE_DEBUG_INFO = YES;
				ONLY_ACTIVE_ARCH = YES;
				SDKROOT = iphoneos;
				SWIFT_OPTIMIZATION_LEVEL = "-Onone";
				TARGETED_DEVICE_FAMILY = "1,2";
			};
			name = Debug;
		};
		0AC03B131ACDC5D000B92BBA /* Release */ = {
			isa = XCBuildConfiguration;
			buildSettings = {
				ALWAYS_SEARCH_USER_PATHS = NO;
				CLANG_CXX_LANGUAGE_STANDARD = "gnu++0x";
				CLANG_CXX_LIBRARY = "libc++";
				CLANG_ENABLE_MODULES = YES;
				CLANG_ENABLE_OBJC_ARC = YES;
				CLANG_WARN_BOOL_CONVERSION = YES;
				CLANG_WARN_CONSTANT_CONVERSION = YES;
				CLANG_WARN_DIRECT_OBJC_ISA_USAGE = YES_ERROR;
				CLANG_WARN_EMPTY_BODY = YES;
				CLANG_WARN_ENUM_CONVERSION = YES;
				CLANG_WARN_INT_CONVERSION = YES;
				CLANG_WARN_OBJC_ROOT_CLASS = YES_ERROR;
				CLANG_WARN_UNREACHABLE_CODE = YES;
				CLANG_WARN__DUPLICATE_METHOD_MATCH = YES;
				"CODE_SIGN_IDENTITY[sdk=iphoneos*]" = "iPhone Developer";
				COPY_PHASE_STRIP = NO;
				ENABLE_NS_ASSERTIONS = NO;
				ENABLE_STRICT_OBJC_MSGSEND = YES;
				GCC_C_LANGUAGE_STANDARD = gnu99;
				GCC_WARN_64_TO_32_BIT_CONVERSION = YES;
				GCC_WARN_ABOUT_RETURN_TYPE = YES_ERROR;
				GCC_WARN_UNDECLARED_SELECTOR = YES;
				GCC_WARN_UNINITIALIZED_AUTOS = YES_AGGRESSIVE;
				GCC_WARN_UNUSED_FUNCTION = YES;
				GCC_WARN_UNUSED_VARIABLE = YES;
				IPHONEOS_DEPLOYMENT_TARGET = 8.0;
				MTL_ENABLE_DEBUG_INFO = NO;
				SDKROOT = iphoneos;
				TARGETED_DEVICE_FAMILY = "1,2";
				VALIDATE_PRODUCT = YES;
			};
			name = Release;
		};
		0AC03B151ACDC5D000B92BBA /* Debug */ = {
			isa = XCBuildConfiguration;
			buildSettings = {
				ASSETCATALOG_COMPILER_APPICON_NAME = AppIcon;
				INFOPLIST_FILE = Interview/Info.plist;
				LD_RUNPATH_SEARCH_PATHS = "$(inherited) @executable_path/Frameworks";
				PRODUCT_NAME = "$(TARGET_NAME)";
				TARGETED_DEVICE_FAMILY = 1;
			};
			name = Debug;
		};
		0AC03B161ACDC5D000B92BBA /* Release */ = {
			isa = XCBuildConfiguration;
			buildSettings = {
				ASSETCATALOG_COMPILER_APPICON_NAME = AppIcon;
				INFOPLIST_FILE = Interview/Info.plist;
				LD_RUNPATH_SEARCH_PATHS = "$(inherited) @executable_path/Frameworks";
				PRODUCT_NAME = "$(TARGET_NAME)";
				TARGETED_DEVICE_FAMILY = 1;
			};
			name = Release;
		};
		0AC03B181ACDC5D000B92BBA /* Debug */ = {
			isa = XCBuildConfiguration;
			buildSettings = {
				BUNDLE_LOADER = "$(TEST_HOST)";
				FRAMEWORK_SEARCH_PATHS = (
					"$(SDKROOT)/Developer/Library/Frameworks",
					"$(inherited)",
				);
				GCC_PREPROCESSOR_DEFINITIONS = (
					"DEBUG=1",
					"$(inherited)",
				);
				INFOPLIST_FILE = InterviewTests/Info.plist;
				LD_RUNPATH_SEARCH_PATHS = "$(inherited) @executable_path/Frameworks @loader_path/Frameworks";
				PRODUCT_NAME = "$(TARGET_NAME)";
				TEST_HOST = "$(BUILT_PRODUCTS_DIR)/Interview.app/Interview";
			};
			name = Debug;
		};
		0AC03B191ACDC5D000B92BBA /* Release */ = {
			isa = XCBuildConfiguration;
			buildSettings = {
				BUNDLE_LOADER = "$(TEST_HOST)";
				FRAMEWORK_SEARCH_PATHS = (
					"$(SDKROOT)/Developer/Library/Frameworks",
					"$(inherited)",
				);
				INFOPLIST_FILE = InterviewTests/Info.plist;
				LD_RUNPATH_SEARCH_PATHS = "$(inherited) @executable_path/Frameworks @loader_path/Frameworks";
				PRODUCT_NAME = "$(TARGET_NAME)";
				TEST_HOST = "$(BUILT_PRODUCTS_DIR)/Interview.app/Interview";
			};
			name = Release;
		};
/* End XCBuildConfiguration section */

/* Begin XCConfigurationList section */
		0AC03AF01ACDC5D000B92BBA /* Build configuration list for PBXProject "Interview" */ = {
			isa = XCConfigurationList;
			buildConfigurations = (
				0AC03B121ACDC5D000B92BBA /* Debug */,
				0AC03B131ACDC5D000B92BBA /* Release */,
			);
			defaultConfigurationIsVisible = 0;
			defaultConfigurationName = Release;
		};
		0AC03B141ACDC5D000B92BBA /* Build configuration list for PBXNativeTarget "Interview" */ = {
			isa = XCConfigurationList;
			buildConfigurations = (
				0AC03B151ACDC5D000B92BBA /* Debug */,
				0AC03B161ACDC5D000B92BBA /* Release */,
			);
			defaultConfigurationIsVisible = 0;
			defaultConfigurationName = Release;
		};
		0AC03B171ACDC5D000B92BBA /* Build configuration list for PBXNativeTarget "InterviewTests" */ = {
			isa = XCConfigurationList;
			buildConfigurations = (
				0AC03B181ACDC5D000B92BBA /* Debug */,
				0AC03B191ACDC5D000B92BBA /* Release */,
			);
			defaultConfigurationIsVisible = 0;
			defaultConfigurationName = Release;
		};
/* End XCConfigurationList section */
	};
	rootObject = 0AC03AED1ACDC5D000B92BBA /* Project object */;
}
